<Solution>
  <Project Path="fnGetAllMovies/fnGetAllMovies.csproj" Id="3d6a0d68-1497-490f-a446-53a2c744d2d8" />
  <Project Path="fnGetMovieDetail/fnGetMovieDetail.csproj" Id="9444d961-0e8f-4c98-b177-dbe27574cb5b" />
  <Project Path="fnPostDatabase/fnPostDatabase.csproj" Id="e35f5ff4-5e35-4b53-8bc2-d417fbbaeb8b" />
  <Project Path="fnPostDataStorage/fnPostDataStorage.csproj" />
</Solution>
